
Microsoft Visual Studio Solution File, Format Version 12.00
# Visual Studio Version 16
VisualStudioVersion = 16.0.29519.181
MinimumVisualStudioVersion = 10.0.40219.1
Project("{888888A0-9F3D-457C-B088-3A5042F75D52}") = "Harmoni", "Harmoni.pyproj", "{C5BE58FC-B5D0-443C-B6D3-D38318282650}"
EndProject
Global
	GlobalSection(SolutionConfigurationPlatforms) = preSolution
		Debug|Any CPU = Debug|Any CPU
		Release|Any CPU = Release|Any CPU
	EndGlobalSection
	GlobalSection(ProjectConfigurationPlatforms) = postSolution
		{C5BE58FC-B5D0-443C-B6D3-D38318282650}.Debug|Any CPU.ActiveCfg = Debug|Any CPU
		{C5BE58FC-B5D0-443C-B6D3-D38318282650}.Release|Any CPU.ActiveCfg = Release|Any CPU
	EndGlobalSection
	GlobalSection(SolutionProperties) = preSolution
		HideSolutionNode = FALSE
	EndGlobalSection
	GlobalSection(ExtensibilityGlobals) = postSolution
		SolutionGuid = {EA169A12-1FDE-4308-9598-1E03962FA4C2}
	EndGlobalSection
EndGlobal
